
Microsoft Visual Studio Solution File, Format Version 12.00
# Visual Studio 14
VisualStudioVersion = 14.0.25420.1
MinimumVisualStudioVersion = 10.0.40219.1
Project("{FAE04EC0-301F-11D3-BF4B-00C04F79EFBC}") = "FodyExample8", "FodyExample8\FodyExample8.csproj", "{51E21F89-4FF9-48D0-A3E6-5A469BACBCDE}"
EndProject
Global
	GlobalSection(SolutionConfigurationPlatforms) = preSolution
		Debug|Any CPU = Debug|Any CPU
		Release|Any CPU = Release|Any CPU
	EndGlobalSection
	GlobalSection(ProjectConfigurationPlatforms) = postSolution
		{51E21F89-4FF9-48D0-A3E6-5A469BACBCDE}.Debug|Any CPU.ActiveCfg = Debug|Any CPU
		{51E21F89-4FF9-48D0-A3E6-5A469BACBCDE}.Debug|Any CPU.Build.0 = Debug|Any CPU
		{51E21F89-4FF9-48D0-A3E6-5A469BACBCDE}.Release|Any CPU.ActiveCfg = Release|Any CPU
		{51E21F89-4FF9-48D0-A3E6-5A469BACBCDE}.Release|Any CPU.Build.0 = Release|Any CPU
	EndGlobalSection
	GlobalSection(SolutionProperties) = preSolution
		HideSolutionNode = FALSE
	EndGlobalSection
EndGlobal
